<?xml version="1.0" encoding="utf-8"?>
<Project ToolsVersion="4.0" xmlns="http://schemas.microsoft.com/developer/msbuild/2003">
  <ItemGroup>
    <Filter Include="Source Files">
      <UniqueIdentifier>{4FC737F1-C7A5-4376-A066-2A32D752A2FF}</UniqueIdentifier>
      <Extensions>cpp;c;cc;cxx;c++;def;odl;idl;hpj;bat;asm;asmx</Extensions>
    </Filter>
    <Filter Include="Header Files">
      <UniqueIdentifier>{93995380-89BD-4b04-88EB-625FBE52EBFB}</UniqueIdentifier>
      <Extensions>h;hh;hpp;hxx;h++;hm;inl;inc;ipp;xsd</Extensions>
    </Filter>
    <Filter Include="Resource Files">
      <UniqueIdentifier>{67DA6AB6-F800-4c08-8B7A-83BB121AAD01}</UniqueIdentifier>
      <Extensions>rc;ico;cur;bmp;dlg;rc2;rct;bin;rgs;gif;jpg;jpeg;jpe;resx;tiff;tif;png;wav;mfcribbon-ms</Extensions>
    </Filter>
  </ItemGroup>
  <ItemGroup>
    <ClCompile Include="openglobj.cpp">
      <Filter>Source Files</Filter>
    </ClCompile>
    <ClCompile Include="Shader.cpp">
      <Filter>Source Files</Filter>
    </ClCompile>
  </ItemGroup>
  <ItemGroup>
    <ClInclude Include="Shader.h">
      <Filter>Header Files</Filter>
    </ClInclude>
    <ClInclude Include="stb_image.h">
      <Filter>Header Files</Filter>
    </ClInclude>
    <ClInclude Include="Teapot.h">
      <Filter>Header Files</Filter>
    </ClInclude>
  </ItemGroup>
  <ItemGroup>
    <None Include="shader.glsl" />
    <None Include="Vertex.glsl" />
    <None Include="Fragment.glsl" />
    <None Include="compute.glsl" />
    <None Include="compute2.glsl" />
    <None Include="Compute3.glsl" />
    <None Include="compute4.glsl" />
    <None Include="comp3.glsl" />
  </ItemGroup>
  <ItemGroup>
    <Text Include="teapot.obj" />
  </ItemGroup>
  <ItemGroup>
    <Image Include="cape_hill.jpg">
      <Filter>Resource Files</Filter>
    </Image>
    <Image Include="negx.jpg">
      <Filter>Resource Files</Filter>
    </Image>
    <Image Include="negy.jpg">
      <Filter>Resource Files</Filter>
    </Image>
    <Image Include="negz.jpg">
      <Filter>Resource Files</Filter>
    </Image>
    <Image Include="posz.jpg">
      <Filter>Resource Files</Filter>
    </Image>
    <Image Include="posx.jpg">
      <Filter>Resource Files</Filter>
    </Image>
    <Image Include="posy.jpg">
      <Filter>Resource Files</Filter>
    </Image>
    <Image Include="nx.png">
      <Filter>Resource Files</Filter>
    </Image>
    <Image Include="ny.png">
      <Filter>Resource Files</Filter>
    </Image>
    <Image Include="nz.png">
      <Filter>Resource Files</Filter>
    </Image>
    <Image Include="px.png">
      <Filter>Resource Files</Filter>
    </Image>
    <Image Include="py.png">
      <Filter>Resource Files</Filter>
    </Image>
    <Image Include="pz.png">
      <Filter>Resource Files</Filter>
    </Image>
  </ItemGroup>
</Project>